{
  "lockfileVersion": 1,
  "workspaces": {
    "": {
      "name": "acp-proxy-server",
      "dependencies": {
        "@agentclientprotocol/sdk": "^0.5.1",
        "@hono/node-server": "^1.13.8",
        "@hono/node-ws": "^1.0.5",
        "@stricli/auto-complete": "^1.2.4",
        "@stricli/core": "^1.2.4",
        "hono": "^4.7.0",
      },
      "devDependencies": {
        "@types/node": "^22",
      },
      "peerDependencies": {
        "typescript": "^5",
      },
    },
  },
  "packages": {
    "@agentclientprotocol/sdk": ["@agentclientprotocol/sdk@0.5.1", "", { "dependencies": { "zod": "^3.0.0" } }, "sha512-9bq2TgjhLBSUSC5jE04MEe+Hqw8YePzKghhYZ9QcjOyonY3q2oJfX6GoSO83hURpEnsqEPIrex6VZN3+61fBJg=="],

    "@hono/node-server": ["@hono/node-server@1.19.6", "", { "peerDependencies": { "hono": "^4" } }, "sha512-Shz/KjlIeAhfiuE93NDKVdZ7HdBVLQAfdbaXEaoAVO3ic9ibRSLGIQGkcBbFyuLr+7/1D5ZCINM8B+6IvXeMtw=="],

    "@hono/node-ws": ["@hono/node-ws@1.2.0", "", { "dependencies": { "ws": "^8.17.0" }, "peerDependencies": { "@hono/node-server": "^1.11.1", "hono": "^4.6.0" } }, "sha512-OBPQ8OSHBw29mj00wT/xGYtB6HY54j0fNSdVZ7gZM3TUeq0So11GXaWtFf1xWxQNfumKIsj0wRuLKWfVsO5GgQ=="],

    "@stricli/auto-complete": ["@stricli/auto-complete@1.2.4", "", { "dependencies": { "@stricli/core": "^1.2.4" }, "bin": { "auto-complete": "dist/bin/cli.js" } }, "sha512-MxGgeBbFyH+YtzhIjJeOr68NSx0r8mn4+hWRGgWn31YTG9u0Oa2y9oGHPY+PHeoTfvS7vhgllFvOrHcTVpwTrA=="],

    "@stricli/core": ["@stricli/core@1.2.4", "", {}, "sha512-ujvJDQpC2FINWvlTjkFz+Qzw/vsB8p/LyZEW18idisqIyjXR6yb+sF3WTUPksl+5ZON5r4fHQnCqQWnJxeqSzg=="],

    "@types/node": ["@types/node@22.19.1", "", { "dependencies": { "undici-types": "~6.21.0" } }, "sha512-LCCV0HdSZZZb34qifBsyWlUmok6W7ouER+oQIGBScS8EsZsQbrtFTUrDX4hOl+CS6p7cnNC4td+qrSVGSCTUfQ=="],

    "hono": ["hono@4.10.7", "", {}, "sha512-icXIITfw/07Q88nLSkB9aiUrd8rYzSweK681Kjo/TSggaGbOX4RRyxxm71v+3PC8C/j+4rlxGeoTRxQDkaJkUw=="],

    "typescript": ["typescript@5.9.3", "", { "bin": { "tsc": "bin/tsc", "tsserver": "bin/tsserver" } }, "sha512-jl1vZzPDinLr9eUt3J/t7V6FgNEw9QjvBPdysz9KfQDD41fQrC2Y4vKQdiaUpFT4bXlb1RHhLpp8wtm6M5TgSw=="],

    "undici-types": ["undici-types@6.21.0", "", {}, "sha512-iwDZqg0QAGrg9Rav5H4n0M64c3mkR59cJ6wQp+7C4nI0gsmExaedaYLNO44eT4AtBBwjbTiGPMlt2Md0T9H9JQ=="],

    "ws": ["ws@8.18.3", "", { "peerDependencies": { "bufferutil": "^4.0.1", "utf-8-validate": ">=5.0.2" }, "optionalPeers": ["bufferutil", "utf-8-validate"] }, "sha512-PEIGCY5tSlUt50cqyMXfCzX+oOPqN0vuGqWzbcJ2xvnkzkq46oOpz7dQaTDBdfICb4N14+GARUDw2XV2N4tvzg=="],

    "zod": ["zod@3.25.76", "", {}, "sha512-gzUt/qt81nXsFGKIFcC3YnfEAx5NkunCfnDlvuBSSFS02bcXu4Lmea0AFIUwbLWxWPx3d9p8S5QoaujKcNQxcQ=="],
  }
}
